github.com/gorilla/mux v1.7.1 h1:Dw4jY2nghMMRsh1ol8dv1axHkDwMQK2DHerMNJsIpJU=
github.com/gorilla/mux v1.7.1/go.mod h1:1lud6UwP+6orDFRuTfBEV8e9/aOM/c4fVVCaMa2zaAs=
github.com/oct2pus/emoji-dl v0.0.0-20190411083554-5bc515311a2b h1:MxZnjyak42xOHA4kn4iSabVNjqH8Z0xudC52x74Tf1A=
github.com/oct2pus/emoji-dl v0.0.0-20190411083554-5bc515311a2b/go.mod h1:1oqWKoh6MQ+MNXCFNPM3LRt7r1KLLYlPl2T1gq7vFaE=
